
Microsoft Visual Studio Solution File, Format Version 12.00
# Visual Studio Version 17
VisualStudioVersion = 17.7.34003.232
MinimumVisualStudioVersion = 10.0.40219.1
Project("{9A19103F-16F7-4668-BE54-9A1E7A4F7556}") = "CandidateApp", "CandidateApp\CandidateApp.csproj", "{7A371B18-32D7-4D2B-956E-16312B370B14}"
EndProject
Project("{9A19103F-16F7-4668-BE54-9A1E7A4F7556}") = "CandidateApp.Data", "CandidateApp.Data\CandidateApp.Data.csproj", "{4066F995-32DF-4A6B-9106-1D516981A336}"
EndProject
Project("{9A19103F-16F7-4668-BE54-9A1E7A4F7556}") = "CandidateApp.Service", "CandidateApp.Service\CandidateApp.Service.csproj", "{C9F9EC2F-F7B9-469F-9BB7-7FE445D25F29}"
EndProject
Project("{FAE04EC0-301F-11D3-BF4B-00C04F79EFBC}") = "CandidateApp.Tests", "CandidateApp.Tests\CandidateApp.Tests.csproj", "{F3FAFB2A-EF93-46BC-B276-A32FBCEB11CE}"
EndProject
Global
	GlobalSection(SolutionConfigurationPlatforms) = preSolution
		Debug|Any CPU = Debug|Any CPU
		Release|Any CPU = Release|Any CPU
	EndGlobalSection
	GlobalSection(ProjectConfigurationPlatforms) = postSolution
		{7A371B18-32D7-4D2B-956E-16312B370B14}.Debug|Any CPU.ActiveCfg = Debug|Any CPU
		{7A371B18-32D7-4D2B-956E-16312B370B14}.Debug|Any CPU.Build.0 = Debug|Any CPU
		{7A371B18-32D7-4D2B-956E-16312B370B14}.Release|Any CPU.ActiveCfg = Release|Any CPU
		{7A371B18-32D7-4D2B-956E-16312B370B14}.Release|Any CPU.Build.0 = Release|Any CPU
		{4066F995-32DF-4A6B-9106-1D516981A336}.Debug|Any CPU.ActiveCfg = Debug|Any CPU
		{4066F995-32DF-4A6B-9106-1D516981A336}.Debug|Any CPU.Build.0 = Debug|Any CPU
		{4066F995-32DF-4A6B-9106-1D516981A336}.Release|Any CPU.ActiveCfg = Release|Any CPU
		{4066F995-32DF-4A6B-9106-1D516981A336}.Release|Any CPU.Build.0 = Release|Any CPU
		{C9F9EC2F-F7B9-469F-9BB7-7FE445D25F29}.Debug|Any CPU.ActiveCfg = Debug|Any CPU
		{C9F9EC2F-F7B9-469F-9BB7-7FE445D25F29}.Debug|Any CPU.Build.0 = Debug|Any CPU
		{C9F9EC2F-F7B9-469F-9BB7-7FE445D25F29}.Release|Any CPU.ActiveCfg = Release|Any CPU
		{C9F9EC2F-F7B9-469F-9BB7-7FE445D25F29}.Release|Any CPU.Build.0 = Release|Any CPU
		{F3FAFB2A-EF93-46BC-B276-A32FBCEB11CE}.Debug|Any CPU.ActiveCfg = Debug|Any CPU
		{F3FAFB2A-EF93-46BC-B276-A32FBCEB11CE}.Debug|Any CPU.Build.0 = Debug|Any CPU
		{F3FAFB2A-EF93-46BC-B276-A32FBCEB11CE}.Release|Any CPU.ActiveCfg = Release|Any CPU
		{F3FAFB2A-EF93-46BC-B276-A32FBCEB11CE}.Release|Any CPU.Build.0 = Release|Any CPU
	EndGlobalSection
	GlobalSection(SolutionProperties) = preSolution
		HideSolutionNode = FALSE
	EndGlobalSection
	GlobalSection(ExtensibilityGlobals) = postSolution
		SolutionGuid = {F3FF7D90-4130-42A2-91D0-D1B69E4D71FF}
	EndGlobalSection
EndGlobal
